
Microsoft Visual Studio Solution File, Format Version 12.00
# Visual Studio 15
VisualStudioVersion = 15.0.27703.2026
MinimumVisualStudioVersion = 10.0.40219.1
Project("{FAE04EC0-301F-11D3-BF4B-00C04F79EFBC}") = "MyProfile", "MyProfile\MyProfile.csproj", "{107F41C4-4C97-4178-BBC2-8EE1088445D2}"
EndProject
Project("{FAE04EC0-301F-11D3-BF4B-00C04F79EFBC}") = "DataSource", "DataSource\DataSource.csproj", "{7821A407-FF93-4FD2-82CD-7B7B66EBBF13}"
EndProject
Project("{FAE04EC0-301F-11D3-BF4B-00C04F79EFBC}") = "BLL", "BLL\BLL.csproj", "{3DBBE570-8A57-42AC-8090-02F94674F1DD}"
EndProject
Project("{FAE04EC0-301F-11D3-BF4B-00C04F79EFBC}") = "DAL", "DAL\DAL.csproj", "{C960EE3B-E359-4824-B3E3-03604D267E18}"
EndProject
Project("{FAE04EC0-301F-11D3-BF4B-00C04F79EFBC}") = "DALFactory", "DALFactory\DALFactory.csproj", "{AB1CB4AC-292B-47A4-9742-DE0CF7A6514D}"
EndProject
Global
	GlobalSection(SolutionConfigurationPlatforms) = preSolution
		Debug|Any CPU = Debug|Any CPU
		Release|Any CPU = Release|Any CPU
	EndGlobalSection
	GlobalSection(ProjectConfigurationPlatforms) = postSolution
		{107F41C4-4C97-4178-BBC2-8EE1088445D2}.Debug|Any CPU.ActiveCfg = Debug|Any CPU
		{107F41C4-4C97-4178-BBC2-8EE1088445D2}.Debug|Any CPU.Build.0 = Debug|Any CPU
		{107F41C4-4C97-4178-BBC2-8EE1088445D2}.Release|Any CPU.ActiveCfg = Release|Any CPU
		{107F41C4-4C97-4178-BBC2-8EE1088445D2}.Release|Any CPU.Build.0 = Release|Any CPU
		{7821A407-FF93-4FD2-82CD-7B7B66EBBF13}.Debug|Any CPU.ActiveCfg = Debug|Any CPU
		{7821A407-FF93-4FD2-82CD-7B7B66EBBF13}.Debug|Any CPU.Build.0 = Debug|Any CPU
		{7821A407-FF93-4FD2-82CD-7B7B66EBBF13}.Release|Any CPU.ActiveCfg = Release|Any CPU
		{7821A407-FF93-4FD2-82CD-7B7B66EBBF13}.Release|Any CPU.Build.0 = Release|Any CPU
		{3DBBE570-8A57-42AC-8090-02F94674F1DD}.Debug|Any CPU.ActiveCfg = Debug|Any CPU
		{3DBBE570-8A57-42AC-8090-02F94674F1DD}.Debug|Any CPU.Build.0 = Debug|Any CPU
		{3DBBE570-8A57-42AC-8090-02F94674F1DD}.Release|Any CPU.ActiveCfg = Release|Any CPU
		{3DBBE570-8A57-42AC-8090-02F94674F1DD}.Release|Any CPU.Build.0 = Release|Any CPU
		{C960EE3B-E359-4824-B3E3-03604D267E18}.Debug|Any CPU.ActiveCfg = Debug|Any CPU
		{C960EE3B-E359-4824-B3E3-03604D267E18}.Debug|Any CPU.Build.0 = Debug|Any CPU
		{C960EE3B-E359-4824-B3E3-03604D267E18}.Release|Any CPU.ActiveCfg = Release|Any CPU
		{C960EE3B-E359-4824-B3E3-03604D267E18}.Release|Any CPU.Build.0 = Release|Any CPU
		{AB1CB4AC-292B-47A4-9742-DE0CF7A6514D}.Debug|Any CPU.ActiveCfg = Debug|Any CPU
		{AB1CB4AC-292B-47A4-9742-DE0CF7A6514D}.Debug|Any CPU.Build.0 = Debug|Any CPU
		{AB1CB4AC-292B-47A4-9742-DE0CF7A6514D}.Release|Any CPU.ActiveCfg = Release|Any CPU
		{AB1CB4AC-292B-47A4-9742-DE0CF7A6514D}.Release|Any CPU.Build.0 = Release|Any CPU
	EndGlobalSection
	GlobalSection(SolutionProperties) = preSolution
		HideSolutionNode = FALSE
	EndGlobalSection
	GlobalSection(ExtensibilityGlobals) = postSolution
		SolutionGuid = {CF1AE65E-9714-4239-BE3E-CCD47F59E335}
	EndGlobalSection
EndGlobal
